// !$*UTF8*$!
{
	archiveVersion = 1;
	classes = {
	};
	objectVersion = 50;
	objects = {

/* Begin PBXBuildFile section */
		4A13AE932375A1C800DF58F1 /* GoogleService-Info.plist in Resources */ = {isa = PBXBuildFile; fileRef = 4A13AE922375A1C800DF58F1 /* GoogleService-Info.plist */; };
		4A13AE942375A1C800DF58F1 /* GoogleService-Info.plist in Resources */ = {isa = PBXBuildFile; fileRef = 4A13AE922375A1C800DF58F1 /* GoogleService-Info.plist */; };
		4A13AE952375A1C800DF58F1 /* GoogleService-Info.plist in Resources */ = {isa = PBXBuildFile; fileRef = 4A13AE922375A1C800DF58F1 /* GoogleService-Info.plist */; };
		4A6F7627236D96B800040495 /* Register.swift in Sources */ = {isa = PBXBuildFile; fileRef = 4A6F7626236D96B800040495 /* Register.swift */; };
		4AC4B7EF236C9BA700993A99 /* AppDelegate.swift in Sources */ = {isa = PBXBuildFile; fileRef = 4AC4B7EE236C9BA700993A99 /* AppDelegate.swift */; };
		4AC4B7F1236C9BA700993A99 /* SceneDelegate.swift in Sources */ = {isa = PBXBuildFile; fileRef = 4AC4B7F0236C9BA700993A99 /* SceneDelegate.swift */; };
		4AC4B7F3236C9BA700993A99 /* ViewController.swift in Sources */ = {isa = PBXBuildFile; fileRef = 4AC4B7F2236C9BA700993A99 /* ViewController.swift */; };
		4AC4B7F6236C9BA700993A99 /* Main.storyboard in Resources */ = {isa = PBXBuildFile; fileRef = 4AC4B7F4236C9BA700993A99 /* Main.storyboard */; };
		4AC4B7F8236C9BA800993A99 /* Assets.xcassets in Resources */ = {isa = PBXBuildFile; fileRef = 4AC4B7F7236C9BA800993A99 /* Assets.xcassets */; };
		4AC4B7FB236C9BA800993A99 /* LaunchScreen.storyboard in Resources */ = {isa = PBXBuildFile; fileRef = 4AC4B7F9236C9BA800993A99 /* LaunchScreen.storyboard */; };
		4AC4B806236C9BA800993A99 /* HelpMeAppTests.swift in Sources */ = {isa = PBXBuildFile; fileRef = 4AC4B805236C9BA800993A99 /* HelpMeAppTests.swift */; };
		4AC4B811236C9BA800993A99 /* HelpMeAppUITests.swift in Sources */ = {isa = PBXBuildFile; fileRef = 4AC4B810236C9BA800993A99 /* HelpMeAppUITests.swift */; };
		7FC43639ABEDFF5BD4ADD844 /* Pods_HelpMeApp.framework in Frameworks */ = {isa = PBXBuildFile; fileRef = 3DCCA66310C1510459543CAB /* Pods_HelpMeApp.framework */; };
		91D596BC089AFF23426BFD65 /* Pods_HelpMeAppTests.framework in Frameworks */ = {isa = PBXBuildFile; fileRef = 3B56420096D035398E2EB0FB /* Pods_HelpMeAppTests.framework */; };
		9E621BE2043DFBBB92FFA53F /* Pods_HelpMeApp_HelpMeAppUITests.framework in Frameworks */ = {isa = PBXBuildFile; fileRef = D0FBC9B45FF4DA55A7C78C8F /* Pods_HelpMeApp_HelpMeAppUITests.framework */; };
/* End PBXBuildFile section */

/* Begin PBXContainerItemProxy section */
		4AC4B802236C9BA800993A99 /* PBXContainerItemProxy */ = {
			isa = PBXContainerItemProxy;
			containerPortal = 4AC4B7E3236C9BA700993A99 /* Project object */;
			proxyType = 1;
			remoteGlobalIDString = 4AC4B7EA236C9BA700993A99;
			remoteInfo = HelpMeApp;
		};
		4AC4B80D236C9BA800993A99 /* PBXContainerItemProxy */ = {
			isa = PBXContainerItemProxy;
			containerPortal = 4AC4B7E3236C9BA700993A99 /* Project object */;
			proxyType = 1;
			remoteGlobalIDString = 4AC4B7EA236C9BA700993A99;
			remoteInfo = HelpMeApp;
		};
/* End PBXContainerItemProxy section */

/* Begin PBXFileReference section */
		04D0104E6E2F5115F11B48E9 /* Pods-HelpMeAppTests.debug.xcconfig */ = {isa = PBXFileReference; includeInIndex = 1; lastKnownFileType = text.xcconfig; name = "Pods-HelpMeAppTests.debug.xcconfig"; path = "Target Support Files/Pods-HelpMeAppTests/Pods-HelpMeAppTests.debug.xcconfig"; sourceTree = "<group>"; };
		3B56420096D035398E2EB0FB /* Pods_HelpMeAppTests.framework */ = {isa = PBXFileReference; explicitFileType = wrapper.framework; includeInIndex = 0; path = Pods_HelpMeAppTests.framework; sourceTree = BUILT_PRODUCTS_DIR; };
		3DCCA66310C1510459543CAB /* Pods_HelpMeApp.framework */ = {isa = PBXFileReference; explicitFileType = wrapper.framework; includeInIndex = 0; path = Pods_HelpMeApp.framework; sourceTree = BUILT_PRODUCTS_DIR; };
		4729D3F87E4557C4ECD33DF9 /* Pods-HelpMeApp-HelpMeAppUITests.debug.xcconfig */ = {isa = PBXFileReference; includeInIndex = 1; lastKnownFileType = text.xcconfig; name = "Pods-HelpMeApp-HelpMeAppUITests.debug.xcconfig"; path = "Target Support Files/Pods-HelpMeApp-HelpMeAppUITests/Pods-HelpMeApp-HelpMeAppUITests.debug.xcconfig"; sourceTree = "<group>"; };
		4A13AE922375A1C800DF58F1 /* GoogleService-Info.plist */ = {isa = PBXFileReference; fileEncoding = 4; lastKnownFileType = text.plist.xml; path = "GoogleService-Info.plist"; sourceTree = "<group>"; };
		4A6F7626236D96B800040495 /* Register.swift */ = {isa = PBXFileReference; lastKnownFileType = sourcecode.swift; path = Register.swift; sourceTree = "<group>"; };
		4AC4B7EB236C9BA700993A99 /* HelpMeApp.app */ = {isa = PBXFileReference; explicitFileType = wrapper.application; includeInIndex = 0; path = HelpMeApp.app; sourceTree = BUILT_PRODUCTS_DIR; };
		4AC4B7EE236C9BA700993A99 /* AppDelegate.swift */ = {isa = PBXFileReference; lastKnownFileType = sourcecode.swift; path = AppDelegate.swift; sourceTree = "<group>"; };
		4AC4B7F0236C9BA700993A99 /* SceneDelegate.swift */ = {isa = PBXFileReference; lastKnownFileType = sourcecode.swift; path = SceneDelegate.swift; sourceTree = "<group>"; };
		4AC4B7F2236C9BA700993A99 /* ViewController.swift */ = {isa = PBXFileReference; lastKnownFileType = sourcecode.swift; path = ViewController.swift; sourceTree = "<group>"; };
		4AC4B7F5236C9BA700993A99 /* Base */ = {isa = PBXFileReference; lastKnownFileType = file.storyboard; name = Base; path = Base.lproj/Main.storyboard; sourceTree = "<group>"; };
		4AC4B7F7236C9BA800993A99 /* Assets.xcassets */ = {isa = PBXFileReference; lastKnownFileType = folder.assetcatalog; path = Assets.xcassets; sourceTree = "<group>"; };
		4AC4B7FA236C9BA800993A99 /* Base */ = {isa = PBXFileReference; lastKnownFileType = file.storyboard; name = Base; path = Base.lproj/LaunchScreen.storyboard; sourceTree = "<group>"; };
		4AC4B7FC236C9BA800993A99 /* Info.plist */ = {isa = PBXFileReference; lastKnownFileType = text.plist.xml; path = Info.plist; sourceTree = "<group>"; };
		4AC4B801236C9BA800993A99 /* HelpMeAppTests.xctest */ = {isa = PBXFileReference; explicitFileType = wrapper.cfbundle; includeInIndex = 0; path = HelpMeAppTests.xctest; sourceTree = BUILT_PRODUCTS_DIR; };
		4AC4B805236C9BA800993A99 /* HelpMeAppTests.swift */ = {isa = PBXFileReference; lastKnownFileType = sourcecode.swift; path = HelpMeAppTests.swift; sourceTree = "<group>"; };
		4AC4B807236C9BA800993A99 /* Info.plist */ = {isa = PBXFileReference; lastKnownFileType = text.plist.xml; path = Info.plist; sourceTree = "<group>"; };
		4AC4B80C236C9BA800993A99 /* HelpMeAppUITests.xctest */ = {isa = PBXFileReference; explicitFileType = wrapper.cfbundle; includeInIndex = 0; path = HelpMeAppUITests.xctest; sourceTree = BUILT_PRODUCTS_DIR; };
		4AC4B810236C9BA800993A99 /* HelpMeAppUITests.swift */ = {isa = PBXFileReference; lastKnownFileType = sourcecode.swift; path = HelpMeAppUITests.swift; sourceTree = "<group>"; };
		4AC4B812236C9BA800993A99 /* Info.plist */ = {isa = PBXFileReference; lastKnownFileType = text.plist.xml; path = Info.plist; sourceTree = "<group>"; };
		58EDEBE1BDFF7111C28BF7EA /* Pods-HelpMeApp-HelpMeAppUITests.release.xcconfig */ = {isa = PBXFileReference; includeInIndex = 1; lastKnownFileType = text.xcconfig; name = "Pods-HelpMeApp-HelpMeAppUITests.release.xcconfig"; path = "Target Support Files/Pods-HelpMeApp-HelpMeAppUITests/Pods-HelpMeApp-HelpMeAppUITests.release.xcconfig"; sourceTree = "<group>"; };
		96436D453984D21D611FE0A9 /* Pods-HelpMeAppTests.release.xcconfig */ = {isa = PBXFileReference; includeInIndex = 1; lastKnownFileType = text.xcconfig; name = "Pods-HelpMeAppTests.release.xcconfig"; path = "Target Support Files/Pods-HelpMeAppTests/Pods-HelpMeAppTests.release.xcconfig"; sourceTree = "<group>"; };
		C3E78313E61819A8E7BDA7ED /* Pods-HelpMeApp.release.xcconfig */ = {isa = PBXFileReference; includeInIndex = 1; lastKnownFileType = text.xcconfig; name = "Pods-HelpMeApp.release.xcconfig"; path = "Target Support Files/Pods-HelpMeApp/Pods-HelpMeApp.release.xcconfig"; sourceTree = "<group>"; };
		D0FBC9B45FF4DA55A7C78C8F /* Pods_HelpMeApp_HelpMeAppUITests.framework */ = {isa = PBXFileReference; explicitFileType = wrapper.framework; includeInIndex = 0; path = Pods_HelpMeApp_HelpMeAppUITests.framework; sourceTree = BUILT_PRODUCTS_DIR; };
		F49B62B48A932D4BD83B0C47 /* Pods-HelpMeApp.debug.xcconfig */ = {isa = PBXFileReference; includeInIndex = 1; lastKnownFileType = text.xcconfig; name = "Pods-HelpMeApp.debug.xcconfig"; path = "Target Support Files/Pods-HelpMeApp/Pods-HelpMeApp.debug.xcconfig"; sourceTree = "<group>"; };
/* End PBXFileReference section */

/* Begin PBXFrameworksBuildPhase section */
		4AC4B7E8236C9BA700993A99 /* Frameworks */ = {
			isa = PBXFrameworksBuildPhase;
			buildActionMask = 2147483647;
			files = (
				7FC43639ABEDFF5BD4ADD844 /* Pods_HelpMeApp.framework in Frameworks */,
			);
			runOnlyForDeploymentPostprocessing = 0;
		};
		4AC4B7FE236C9BA800993A99 /* Frameworks */ = {
			isa = PBXFrameworksBuildPhase;
			buildActionMask = 2147483647;
			files = (
				91D596BC089AFF23426BFD65 /* Pods_HelpMeAppTests.framework in Frameworks */,
			);
			runOnlyForDeploymentPostprocessing = 0;
		};
		4AC4B809236C9BA800993A99 /* Frameworks */ = {
			isa = PBXFrameworksBuildPhase;
			buildActionMask = 2147483647;
			files = (
				9E621BE2043DFBBB92FFA53F /* Pods_HelpMeApp_HelpMeAppUITests.framework in Frameworks */,
			);
			runOnlyForDeploymentPostprocessing = 0;
		};
/* End PBXFrameworksBuildPhase section */

/* Begin PBXGroup section */
		4AC4B7E2236C9BA700993A99 = {
			isa = PBXGroup;
			children = (
				4AC4B7ED236C9BA700993A99 /* HelpMeApp */,
				4AC4B804236C9BA800993A99 /* HelpMeAppTests */,
				4AC4B80F236C9BA800993A99 /* HelpMeAppUITests */,
				4AC4B7EC236C9BA700993A99 /* Products */,
				E47E3A415F53700D5222F89C /* Pods */,
				A35A880CEBAFB42A95FB7536 /* Frameworks */,
			);
			sourceTree = "<group>";
		};
		4AC4B7EC236C9BA700993A99 /* Products */ = {
			isa = PBXGroup;
			children = (
				4AC4B7EB236C9BA700993A99 /* HelpMeApp.app */,
				4AC4B801236C9BA800993A99 /* HelpMeAppTests.xctest */,
				4AC4B80C236C9BA800993A99 /* HelpMeAppUITests.xctest */,
			);
			name = Products;
			sourceTree = "<group>";
		};
		4AC4B7ED236C9BA700993A99 /* HelpMeApp */ = {
			isa = PBXGroup;
			children = (
				4AC4B7EE236C9BA700993A99 /* AppDelegate.swift */,
				4AC4B7F0236C9BA700993A99 /* SceneDelegate.swift */,
				4AC4B7F2236C9BA700993A99 /* ViewController.swift */,
				4A6F7626236D96B800040495 /* Register.swift */,
				4AC4B7F4236C9BA700993A99 /* Main.storyboard */,
				4AC4B7F7236C9BA800993A99 /* Assets.xcassets */,
				4AC4B7F9236C9BA800993A99 /* LaunchScreen.storyboard */,
				4A13AE922375A1C800DF58F1 /* GoogleService-Info.plist */,
				4AC4B7FC236C9BA800993A99 /* Info.plist */,
			);
			path = HelpMeApp;
			sourceTree = "<group>";
		};
		4AC4B804236C9BA800993A99 /* HelpMeAppTests */ = {
			isa = PBXGroup;
			children = (
				4AC4B805236C9BA800993A99 /* HelpMeAppTests.swift */,
				4AC4B807236C9BA800993A99 /* Info.plist */,
			);
			path = HelpMeAppTests;
			sourceTree = "<group>";
		};
		4AC4B80F236C9BA800993A99 /* HelpMeAppUITests */ = {
			isa = PBXGroup;
			children = (
				4AC4B810236C9BA800993A99 /* HelpMeAppUITests.swift */,
				4AC4B812236C9BA800993A99 /* Info.plist */,
			);
			path = HelpMeAppUITests;
			sourceTree = "<group>";
		};
		A35A880CEBAFB42A95FB7536 /* Frameworks */ = {
			isa = PBXGroup;
			children = (
				3DCCA66310C1510459543CAB /* Pods_HelpMeApp.framework */,
				D0FBC9B45FF4DA55A7C78C8F /* Pods_HelpMeApp_HelpMeAppUITests.framework */,
				3B56420096D035398E2EB0FB /* Pods_HelpMeAppTests.framework */,
			);
			name = Frameworks;
			sourceTree = "<group>";
		};
		E47E3A415F53700D5222F89C /* Pods */ = {
			isa = PBXGroup;
			children = (
				F49B62B48A932D4BD83B0C47 /* Pods-HelpMeApp.debug.xcconfig */,
				C3E78313E61819A8E7BDA7ED /* Pods-HelpMeApp.release.xcconfig */,
				4729D3F87E4557C4ECD33DF9 /* Pods-HelpMeApp-HelpMeAppUITests.debug.xcconfig */,
				58EDEBE1BDFF7111C28BF7EA /* Pods-HelpMeApp-HelpMeAppUITests.release.xcconfig */,
				04D0104E6E2F5115F11B48E9 /* Pods-HelpMeAppTests.debug.xcconfig */,
				96436D453984D21D611FE0A9 /* Pods-HelpMeAppTests.release.xcconfig */,
			);
			name = Pods;
			path = Pods;
			sourceTree = "<group>";
		};
/* End PBXGroup section */

/* Begin PBXNativeTarget section */
		4AC4B7EA236C9BA700993A99 /* HelpMeApp */ = {
			isa = PBXNativeTarget;
			buildConfigurationList = 4AC4B815236C9BA800993A99 /* Build configuration list for PBXNativeTarget "HelpMeApp" */;
			buildPhases = (
				7087801FF8911D53230B87D6 /* [CP] Check Pods Manifest.lock */,
				4AC4B7E7236C9BA700993A99 /* Sources */,
				4AC4B7E8236C9BA700993A99 /* Frameworks */,
				4AC4B7E9236C9BA700993A99 /* Resources */,
				767E2C22294D9B4A0806658C /* [CP] Embed Pods Frameworks */,
			);
			buildRules = (
			);
			dependencies = (
			);
			name = HelpMeApp;
			productName = HelpMeApp;
			productReference = 4AC4B7EB236C9BA700993A99 /* HelpMeApp.app */;
			productType = "com.apple.product-type.application";
		};
		4AC4B800236C9BA800993A99 /* HelpMeAppTests */ = {
			isa = PBXNativeTarget;
			buildConfigurationList = 4AC4B818236C9BA800993A99 /* Build configuration list for PBXNativeTarget "HelpMeAppTests" */;
			buildPhases = (
				8CC43DA73B3944E28C33EC5E /* [CP] Check Pods Manifest.lock */,
				4AC4B7FD236C9BA800993A99 /* Sources */,
				4AC4B7FE236C9BA800993A99 /* Frameworks */,
				4AC4B7FF236C9BA800993A99 /* Resources */,
			);
			buildRules = (
			);
			dependencies = (
				4AC4B803236C9BA800993A99 /* PBXTargetDependency */,
			);
			name = HelpMeAppTests;
			productName = HelpMeAppTests;
			productReference = 4AC4B801236C9BA800993A99 /* HelpMeAppTests.xctest */;
			productType = "com.apple.product-type.bundle.unit-test";
		};
		4AC4B80B236C9BA800993A99 /* HelpMeAppUITests */ = {
			isa = PBXNativeTarget;
			buildConfigurationList = 4AC4B81B236C9BA800993A99 /* Build configuration list for PBXNativeTarget "HelpMeAppUITests" */;
			buildPhases = (
				50B9095BFCFD3BE0E350D5CA /* [CP] Check Pods Manifest.lock */,
				4AC4B808236C9BA800993A99 /* Sources */,
				4AC4B809236C9BA800993A99 /* Frameworks */,
				4AC4B80A236C9BA800993A99 /* Resources */,
				CDF73484EEFB5A649452BBD2 /* [CP] Embed Pods Frameworks */,
			);
			buildRules = (
			);
			dependencies = (
				4AC4B80E236C9BA800993A99 /* PBXTargetDependency */,
			);
			name = HelpMeAppUITests;
			productName = HelpMeAppUITests;
			productReference = 4AC4B80C236C9BA800993A99 /* HelpMeAppUITests.xctest */;
			productType = "com.apple.product-type.bundle.ui-testing";
		};
/* End PBXNativeTarget section */

/* Begin PBXProject section */
		4AC4B7E3236C9BA700993A99 /* Project object */ = {
			isa = PBXProject;
			attributes = {
				LastSwiftUpdateCheck = 1110;
				LastUpgradeCheck = 1110;
				ORGANIZATIONNAME = Smith;
				TargetAttributes = {
					4AC4B7EA236C9BA700993A99 = {
						CreatedOnToolsVersion = 11.1;
					};
					4AC4B800236C9BA800993A99 = {
						CreatedOnToolsVersion = 11.1;
						TestTargetID = 4AC4B7EA236C9BA700993A99;
					};
					4AC4B80B236C9BA800993A99 = {
						CreatedOnToolsVersion = 11.1;
						TestTargetID = 4AC4B7EA236C9BA700993A99;
					};
				};
			};
			buildConfigurationList = 4AC4B7E6236C9BA700993A99 /* Build configuration list for PBXProject "HelpMeApp" */;
			compatibilityVersion = "Xcode 9.3";
			developmentRegion = en;
			hasScannedForEncodings = 0;
			knownRegions = (
				en,
				Base,
			);
			mainGroup = 4AC4B7E2236C9BA700993A99;
			productRefGroup = 4AC4B7EC236C9BA700993A99 /* Products */;
			projectDirPath = "";
			projectRoot = "";
			targets = (
				4AC4B7EA236C9BA700993A99 /* HelpMeApp */,
				4AC4B800236C9BA800993A99 /* HelpMeAppTests */,
				4AC4B80B236C9BA800993A99 /* HelpMeAppUITests */,
			);
		};
/* End PBXProject section */

/* Begin PBXResourcesBuildPhase section */
		4AC4B7E9236C9BA700993A99 /* Resources */ = {
			isa = PBXResourcesBuildPhase;
			buildActionMask = 2147483647;
			files = (
				4AC4B7FB236C9BA800993A99 /* LaunchScreen.storyboard in Resources */,
				4A13AE932375A1C800DF58F1 /* GoogleService-Info.plist in Resources */,
				4AC4B7F8236C9BA800993A99 /* Assets.xcassets in Resources */,
				4AC4B7F6236C9BA700993A99 /* Main.storyboard in Resources */,
			);
			runOnlyForDeploymentPostprocessing = 0;
		};
		4AC4B7FF236C9BA800993A99 /* Resources */ = {
			isa = PBXResourcesBuildPhase;
			buildActionMask = 2147483647;
			files = (
				4A13AE942375A1C800DF58F1 /* GoogleService-Info.plist in Resources */,
			);
			runOnlyForDeploymentPostprocessing = 0;
		};
		4AC4B80A236C9BA800993A99 /* Resources */ = {
			isa = PBXResourcesBuildPhase;
			buildActionMask = 2147483647;
			files = (
				4A13AE952375A1C800DF58F1 /* GoogleService-Info.plist in Resources */,
			);
			runOnlyForDeploymentPostprocessing = 0;
		};
/* End PBXResourcesBuildPhase section */

/* Begin PBXShellScriptBuildPhase section */
		50B9095BFCFD3BE0E350D5CA /* [CP] Check Pods Manifest.lock */ = {
			isa = PBXShellScriptBuildPhase;
			buildActionMask = 2147483647;
			files = (
			);
			inputFileListPaths = (
			);
			inputPaths = (
				"${PODS_PODFILE_DIR_PATH}/Podfile.lock",
				"${PODS_ROOT}/Manifest.lock",
			);
			name = "[CP] Check Pods Manifest.lock";
			outputFileListPaths = (
			);
			outputPaths = (
				"$(DERIVED_FILE_DIR)/Pods-HelpMeApp-HelpMeAppUITests-checkManifestLockResult.txt",
			);
			runOnlyForDeploymentPostprocessing = 0;
			shellPath = /bin/sh;
			shellScript = "diff \"${PODS_PODFILE_DIR_PATH}/Podfile.lock\" \"${PODS_ROOT}/Manifest.lock\" > /dev/null\nif [ $? != 0 ] ; then\n    # print error to STDERR\n    echo \"error: The sandbox is not in sync with the Podfile.lock. Run 'pod install' or update your CocoaPods installation.\" >&2\n    exit 1\nfi\n# This output is used by Xcode 'outputs' to avoid re-running this script phase.\necho \"SUCCESS\" > \"${SCRIPT_OUTPUT_FILE_0}\"\n";
			showEnvVarsInLog = 0;
		};
		7087801FF8911D53230B87D6 /* [CP] Check Pods Manifest.lock */ = {
			isa = PBXShellScriptBuildPhase;
			buildActionMask = 2147483647;
			files = (
			);
			inputFileListPaths = (
			);
			inputPaths = (
				"${PODS_PODFILE_DIR_PATH}/Podfile.lock",
				"${PODS_ROOT}/Manifest.lock",
			);
			name = "[CP] Check Pods Manifest.lock";
			outputFileListPaths = (
			);
			outputPaths = (
				"$(DERIVED_FILE_DIR)/Pods-HelpMeApp-checkManifestLockResult.txt",
			);
			runOnlyForDeploymentPostprocessing = 0;
			shellPath = /bin/sh;
			shellScript = "diff \"${PODS_PODFILE_DIR_PATH}/Podfile.lock\" \"${PODS_ROOT}/Manifest.lock\" > /dev/null\nif [ $? != 0 ] ; then\n    # print error to STDERR\n    echo \"error: The sandbox is not in sync with the Podfile.lock. Run 'pod install' or update your CocoaPods installation.\" >&2\n    exit 1\nfi\n# This output is used by Xcode 'outputs' to avoid re-running this script phase.\necho \"SUCCESS\" > \"${SCRIPT_OUTPUT_FILE_0}\"\n";
			showEnvVarsInLog = 0;
		};
		767E2C22294D9B4A0806658C /* [CP] Embed Pods Frameworks */ = {
			isa = PBXShellScriptBuildPhase;
			buildActionMask = 2147483647;
			files = (
			);
			inputFileListPaths = (
				"${PODS_ROOT}/Target Support Files/Pods-HelpMeApp/Pods-HelpMeApp-frameworks-${CONFIGURATION}-input-files.xcfilelist",
			);
			name = "[CP] Embed Pods Frameworks";
			outputFileListPaths = (
				"${PODS_ROOT}/Target Support Files/Pods-HelpMeApp/Pods-HelpMeApp-frameworks-${CONFIGURATION}-output-files.xcfilelist",
			);
			runOnlyForDeploymentPostprocessing = 0;
			shellPath = /bin/sh;
			shellScript = "\"${PODS_ROOT}/Target Support Files/Pods-HelpMeApp/Pods-HelpMeApp-frameworks.sh\"\n";
			showEnvVarsInLog = 0;
		};
		8CC43DA73B3944E28C33EC5E /* [CP] Check Pods Manifest.lock */ = {
			isa = PBXShellScriptBuildPhase;
			buildActionMask = 2147483647;
			files = (
			);
			inputFileListPaths = (
			);
			inputPaths = (
				"${PODS_PODFILE_DIR_PATH}/Podfile.lock",
				"${PODS_ROOT}/Manifest.lock",
			);
			name = "[CP] Check Pods Manifest.lock";
			outputFileListPaths = (
			);
			outputPaths = (
				"$(DERIVED_FILE_DIR)/Pods-HelpMeAppTests-checkManifestLockResult.txt",
			);
			runOnlyForDeploymentPostprocessing = 0;
			shellPath = /bin/sh;
			shellScript = "diff \"${PODS_PODFILE_DIR_PATH}/Podfile.lock\" \"${PODS_ROOT}/Manifest.lock\" > /dev/null\nif [ $? != 0 ] ; then\n    # print error to STDERR\n    echo \"error: The sandbox is not in sync with the Podfile.lock. Run 'pod install' or update your CocoaPods installation.\" >&2\n    exit 1\nfi\n# This output is used by Xcode 'outputs' to avoid re-running this script phase.\necho \"SUCCESS\" > \"${SCRIPT_OUTPUT_FILE_0}\"\n";
			showEnvVarsInLog = 0;
		};
		CDF73484EEFB5A649452BBD2 /* [CP] Embed Pods Frameworks */ = {
			isa = PBXShellScriptBuildPhase;
			buildActionMask = 2147483647;
			files = (
			);
			inputFileListPaths = (
				"${PODS_ROOT}/Target Support Files/Pods-HelpMeApp-HelpMeAppUITests/Pods-HelpMeApp-HelpMeAppUITests-frameworks-${CONFIGURATION}-input-files.xcfilelist",
			);
			name = "[CP] Embed Pods Frameworks";
			outputFileListPaths = (
				"${PODS_ROOT}/Target Support Files/Pods-HelpMeApp-HelpMeAppUITests/Pods-HelpMeApp-HelpMeAppUITests-frameworks-${CONFIGURATION}-output-files.xcfilelist",
			);
			runOnlyForDeploymentPostprocessing = 0;
			shellPath = /bin/sh;
			shellScript = "\"${PODS_ROOT}/Target Support Files/Pods-HelpMeApp-HelpMeAppUITests/Pods-HelpMeApp-HelpMeAppUITests-frameworks.sh\"\n";
			showEnvVarsInLog = 0;
		};
/* End PBXShellScriptBuildPhase section */

/* Begin PBXSourcesBuildPhase section */
		4AC4B7E7236C9BA700993A99 /* Sources */ = {
			isa = PBXSourcesBuildPhase;
			buildActionMask = 2147483647;
			files = (
				4AC4B7F3236C9BA700993A99 /* ViewController.swift in Sources */,
				4AC4B7EF236C9BA700993A99 /* AppDelegate.swift in Sources */,
				4A6F7627236D96B800040495 /* Register.swift in Sources */,
				4AC4B7F1236C9BA700993A99 /* SceneDelegate.swift in Sources */,
			);
			runOnlyForDeploymentPostprocessing = 0;
		};
		4AC4B7FD236C9BA800993A99 /* Sources */ = {
			isa = PBXSourcesBuildPhase;
			buildActionMask = 2147483647;
			files = (
				4AC4B806236C9BA800993A99 /* HelpMeAppTests.swift in Sources */,
			);
			runOnlyForDeploymentPostprocessing = 0;
		};
		4AC4B808236C9BA800993A99 /* Sources */ = {
			isa = PBXSourcesBuildPhase;
			buildActionMask = 2147483647;
			files = (
				4AC4B811236C9BA800993A99 /* HelpMeAppUITests.swift in Sources */,
			);
			runOnlyForDeploymentPostprocessing = 0;
		};
/* End PBXSourcesBuildPhase section */

/* Begin PBXTargetDependency section */
		4AC4B803236C9BA800993A99 /* PBXTargetDependency */ = {
			isa = PBXTargetDependency;
			target = 4AC4B7EA236C9BA700993A99 /* HelpMeApp */;
			targetProxy = 4AC4B802236C9BA800993A99 /* PBXContainerItemProxy */;
		};
		4AC4B80E236C9BA800993A99 /* PBXTargetDependency */ = {
			isa = PBXTargetDependency;
			target = 4AC4B7EA236C9BA700993A99 /* HelpMeApp */;
			targetProxy = 4AC4B80D236C9BA800993A99 /* PBXContainerItemProxy */;
		};
/* End PBXTargetDependency section */

/* Begin PBXVariantGroup section */
		4AC4B7F4236C9BA700993A99 /* Main.storyboard */ = {
			isa = PBXVariantGroup;
			children = (
				4AC4B7F5236C9BA700993A99 /* Base */,
			);
			name = Main.storyboard;
			sourceTree = "<group>";
		};
		4AC4B7F9236C9BA800993A99 /* LaunchScreen.storyboard */ = {
			isa = PBXVariantGroup;
			children = (
				4AC4B7FA236C9BA800993A99 /* Base */,
			);
			name = LaunchScreen.storyboard;
			sourceTree = "<group>";
		};
/* End PBXVariantGroup section */

/* Begin XCBuildConfiguration section */
		4AC4B813236C9BA800993A99 /* Debug */ = {
			isa = XCBuildConfiguration;
			buildSettings = {
				ALWAYS_SEARCH_USER_PATHS = NO;
				CLANG_ANALYZER_NONNULL = YES;
				CLANG_ANALYZER_NUMBER_OBJECT_CONVERSION = YES_AGGRESSIVE;
				CLANG_CXX_LANGUAGE_STANDARD = "gnu++14";
				CLANG_CXX_LIBRARY = "libc++";
				CLANG_ENABLE_MODULES = YES;
				CLANG_ENABLE_OBJC_ARC = YES;
				CLANG_ENABLE_OBJC_WEAK = YES;
				CLANG_WARN_BLOCK_CAPTURE_AUTORELEASING = YES;
				CLANG_WARN_BOOL_CONVERSION = YES;
				CLANG_WARN_COMMA = YES;
				CLANG_WARN_CONSTANT_CONVERSION = YES;
				CLANG_WARN_DEPRECATED_OBJC_IMPLEMENTATIONS = YES;
				CLANG_WARN_DIRECT_OBJC_ISA_USAGE = YES_ERROR;
				CLANG_WARN_DOCUMENTATION_COMMENTS = YES;
				CLANG_WARN_EMPTY_BODY = YES;
				CLANG_WARN_ENUM_CONVERSION = YES;
				CLANG_WARN_INFINITE_RECURSION = YES;
				CLANG_WARN_INT_CONVERSION = YES;
				CLANG_WARN_NON_LITERAL_NULL_CONVERSION = YES;
				CLANG_WARN_OBJC_IMPLICIT_RETAIN_SELF = YES;
				CLANG_WARN_OBJC_LITERAL_CONVERSION = YES;
				CLANG_WARN_OBJC_ROOT_CLASS = YES_ERROR;
				CLANG_WARN_RANGE_LOOP_ANALYSIS = YES;
				CLANG_WARN_STRICT_PROTOTYPES = YES;
				CLANG_WARN_SUSPICIOUS_MOVE = YES;
				CLANG_WARN_UNGUARDED_AVAILABILITY = YES_AGGRESSIVE;
				CLANG_WARN_UNREACHABLE_CODE = YES;
				CLANG_WARN__DUPLICATE_METHOD_MATCH = YES;
				COPY_PHASE_STRIP = NO;
				DEBUG_INFORMATION_FORMAT = dwarf;
				ENABLE_STRICT_OBJC_MSGSEND = YES;
				ENABLE_TESTABILITY = YES;
				GCC_C_LANGUAGE_STANDARD = gnu11;
				GCC_DYNAMIC_NO_PIC = NO;
				GCC_NO_COMMON_BLOCKS = YES;
				GCC_OPTIMIZATION_LEVEL = 0;
				GCC_PREPROCESSOR_DEFINITIONS = (
					"DEBUG=1",
					"$(inherited)",
				);
				GCC_WARN_64_TO_32_BIT_CONVERSION = YES;
				GCC_WARN_ABOUT_RETURN_TYPE = YES_ERROR;
				GCC_WARN_UNDECLARED_SELECTOR = YES;
				GCC_WARN_UNINITIALIZED_AUTOS = YES_AGGRESSIVE;
				GCC_WARN_UNUSED_FUNCTION = YES;
				GCC_WARN_UNUSED_VARIABLE = YES;
				IPHONEOS_DEPLOYMENT_TARGET = 13.1;
				MTL_ENABLE_DEBUG_INFO = INCLUDE_SOURCE;
				MTL_FAST_MATH = YES;
				ONLY_ACTIVE_ARCH = YES;
				SDKROOT = iphoneos;
				SWIFT_ACTIVE_COMPILATION_CONDITIONS = DEBUG;
				SWIFT_OPTIMIZATION_LEVEL = "-Onone";
			};
			name = Debug;
		};
		4AC4B814236C9BA800993A99 /* Release */ = {
			isa = XCBuildConfiguration;
			buildSettings = {
				ALWAYS_SEARCH_USER_PATHS = NO;
				CLANG_ANALYZER_NONNULL = YES;
				CLANG_ANALYZER_NUMBER_OBJECT_CONVERSION = YES_AGGRESSIVE;
				CLANG_CXX_LANGUAGE_STANDARD = "gnu++14";
				CLANG_CXX_LIBRARY = "libc++";
				CLANG_ENABLE_MODULES = YES;
				CLANG_ENABLE_OBJC_ARC = YES;
				CLANG_ENABLE_OBJC_WEAK = YES;
				CLANG_WARN_BLOCK_CAPTURE_AUTORELEASING = YES;
				CLANG_WARN_BOOL_CONVERSION = YES;
				CLANG_WARN_COMMA = YES;
				CLANG_WARN_CONSTANT_CONVERSION = YES;
				CLANG_WARN_DEPRECATED_OBJC_IMPLEMENTATIONS = YES;
				CLANG_WARN_DIRECT_OBJC_ISA_USAGE = YES_ERROR;
				CLANG_WARN_DOCUMENTATION_COMMENTS = YES;
				CLANG_WARN_EMPTY_BODY = YES;
				CLANG_WARN_ENUM_CONVERSION = YES;
				CLANG_WARN_INFINITE_RECURSION = YES;
				CLANG_WARN_INT_CONVERSION = YES;
				CLANG_WARN_NON_LITERAL_NULL_CONVERSION = YES;
				CLANG_WARN_OBJC_IMPLICIT_RETAIN_SELF = YES;
				CLANG_WARN_OBJC_LITERAL_CONVERSION = YES;
				CLANG_WARN_OBJC_ROOT_CLASS = YES_ERROR;
				CLANG_WARN_RANGE_LOOP_ANALYSIS = YES;
				CLANG_WARN_STRICT_PROTOTYPES = YES;
				CLANG_WARN_SUSPICIOUS_MOVE = YES;
				CLANG_WARN_UNGUARDED_AVAILABILITY = YES_AGGRESSIVE;
				CLANG_WARN_UNREACHABLE_CODE = YES;
				CLANG_WARN__DUPLICATE_METHOD_MATCH = YES;
				COPY_PHASE_STRIP = NO;
				DEBUG_INFORMATION_FORMAT = "dwarf-with-dsym";
				ENABLE_NS_ASSERTIONS = NO;
				ENABLE_STRICT_OBJC_MSGSEND = YES;
				GCC_C_LANGUAGE_STANDARD = gnu11;
				GCC_NO_COMMON_BLOCKS = YES;
				GCC_WARN_64_TO_32_BIT_CONVERSION = YES;
				GCC_WARN_ABOUT_RETURN_TYPE = YES_ERROR;
				GCC_WARN_UNDECLARED_SELECTOR = YES;
				GCC_WARN_UNINITIALIZED_AUTOS = YES_AGGRESSIVE;
				GCC_WARN_UNUSED_FUNCTION = YES;
				GCC_WARN_UNUSED_VARIABLE = YES;
				IPHONEOS_DEPLOYMENT_TARGET = 13.1;
				MTL_ENABLE_DEBUG_INFO = NO;
				MTL_FAST_MATH = YES;
				SDKROOT = iphoneos;
				SWIFT_COMPILATION_MODE = wholemodule;
				SWIFT_OPTIMIZATION_LEVEL = "-O";
				VALIDATE_PRODUCT = YES;
			};
			name = Release;
		};
		4AC4B816236C9BA800993A99 /* Debug */ = {
			isa = XCBuildConfiguration;
			baseConfigurationReference = F49B62B48A932D4BD83B0C47 /* Pods-HelpMeApp.debug.xcconfig */;
			buildSettings = {
				ASSETCATALOG_COMPILER_APPICON_NAME = AppIcon;
				CODE_SIGN_STYLE = Automatic;
				DEVELOPMENT_TEAM = 5QS8XQ6CMJ;
				INFOPLIST_FILE = HelpMeApp/Info.plist;
				IPHONEOS_DEPLOYMENT_TARGET = 13.0;
				LD_RUNPATH_SEARCH_PATHS = (
					"$(inherited)",
					"@executable_path/Frameworks",
				);
				MACOSX_DEPLOYMENT_TARGET = 10.14;
				PRODUCT_BUNDLE_IDENTIFIER = com.smith.HelpMeApp;
				PRODUCT_NAME = "$(TARGET_NAME)";
				SWIFT_VERSION = 5.0;
				TARGETED_DEVICE_FAMILY = "1,2";
			};
			name = Debug;
		};
		4AC4B817236C9BA800993A99 /* Release */ = {
			isa = XCBuildConfiguration;
			baseConfigurationReference = C3E78313E61819A8E7BDA7ED /* Pods-HelpMeApp.release.xcconfig */;
			buildSettings = {
				ASSETCATALOG_COMPILER_APPICON_NAME = AppIcon;
				CODE_SIGN_STYLE = Automatic;
				DEVELOPMENT_TEAM = 5QS8XQ6CMJ;
				INFOPLIST_FILE = HelpMeApp/Info.plist;
				IPHONEOS_DEPLOYMENT_TARGET = 13.0;
				LD_RUNPATH_SEARCH_PATHS = (
					"$(inherited)",
					"@executable_path/Frameworks",
				);
				MACOSX_DEPLOYMENT_TARGET = 10.14;
				PRODUCT_BUNDLE_IDENTIFIER = com.smith.HelpMeApp;
				PRODUCT_NAME = "$(TARGET_NAME)";
				SWIFT_VERSION = 5.0;
				TARGETED_DEVICE_FAMILY = "1,2";
			};
			name = Release;
		};
		4AC4B819236C9BA800993A99 /* Debug */ = {
			isa = XCBuildConfiguration;
			baseConfigurationReference = 04D0104E6E2F5115F11B48E9 /* Pods-HelpMeAppTests.debug.xcconfig */;
			buildSettings = {
				ALWAYS_EMBED_SWIFT_STANDARD_LIBRARIES = YES;
				BUNDLE_LOADER = "$(TEST_HOST)";
				CODE_SIGN_STYLE = Automatic;
				INFOPLIST_FILE = HelpMeAppTests/Info.plist;
				IPHONEOS_DEPLOYMENT_TARGET = 13.0;
				LD_RUNPATH_SEARCH_PATHS = (
					"$(inherited)",
					"@executable_path/Frameworks",
					"@loader_path/Frameworks",
				);
				PRODUCT_BUNDLE_IDENTIFIER = com.smith.HelpMeAppTests;
				PRODUCT_NAME = "$(TARGET_NAME)";
				SWIFT_VERSION = 5.0;
				TARGETED_DEVICE_FAMILY = "1,2";
				TEST_HOST = "$(BUILT_PRODUCTS_DIR)/HelpMeApp.app/HelpMeApp";
			};
			name = Debug;
		};
		4AC4B81A236C9BA800993A99 /* Release */ = {
			isa = XCBuildConfiguration;
			baseConfigurationReference = 96436D453984D21D611FE0A9 /* Pods-HelpMeAppTests.release.xcconfig */;
			buildSettings = {
				ALWAYS_EMBED_SWIFT_STANDARD_LIBRARIES = YES;
				BUNDLE_LOADER = "$(TEST_HOST)";
				CODE_SIGN_STYLE = Automatic;
				INFOPLIST_FILE = HelpMeAppTests/Info.plist;
				IPHONEOS_DEPLOYMENT_TARGET = 13.0;
				LD_RUNPATH_SEARCH_PATHS = (
					"$(inherited)",
					"@executable_path/Frameworks",
					"@loader_path/Frameworks",
				);
				PRODUCT_BUNDLE_IDENTIFIER = com.smith.HelpMeAppTests;
				PRODUCT_NAME = "$(TARGET_NAME)";
				SWIFT_VERSION = 5.0;
				TARGETED_DEVICE_FAMILY = "1,2";
				TEST_HOST = "$(BUILT_PRODUCTS_DIR)/HelpMeApp.app/HelpMeApp";
			};
			name = Release;
		};
		4AC4B81C236C9BA800993A99 /* Debug */ = {
			isa = XCBuildConfiguration;
			baseConfigurationReference = 4729D3F87E4557C4ECD33DF9 /* Pods-HelpMeApp-HelpMeAppUITests.debug.xcconfig */;
			buildSettings = {
				ALWAYS_EMBED_SWIFT_STANDARD_LIBRARIES = YES;
				CODE_SIGN_STYLE = Automatic;
				INFOPLIST_FILE = HelpMeAppUITests/Info.plist;
				IPHONEOS_DEPLOYMENT_TARGET = 13.0;
				LD_RUNPATH_SEARCH_PATHS = (
					"$(inherited)",
					"@executable_path/Frameworks",
					"@loader_path/Frameworks",
				);
				PRODUCT_BUNDLE_IDENTIFIER = com.smith.HelpMeAppUITests;
				PRODUCT_NAME = "$(TARGET_NAME)";
				SWIFT_VERSION = 5.0;
				TARGETED_DEVICE_FAMILY = "1,2";
				TEST_TARGET_NAME = HelpMeApp;
			};
			name = Debug;
		};
		4AC4B81D236C9BA800993A99 /* Release */ = {
			isa = XCBuildConfiguration;
			baseConfigurationReference = 58EDEBE1BDFF7111C28BF7EA /* Pods-HelpMeApp-HelpMeAppUITests.release.xcconfig */;
			buildSettings = {
				ALWAYS_EMBED_SWIFT_STANDARD_LIBRARIES = YES;
				CODE_SIGN_STYLE = Automatic;
				INFOPLIST_FILE = HelpMeAppUITests/Info.plist;
				IPHONEOS_DEPLOYMENT_TARGET = 13.0;
				LD_RUNPATH_SEARCH_PATHS = (
					"$(inherited)",
					"@executable_path/Frameworks",
					"@loader_path/Frameworks",
				);
				PRODUCT_BUNDLE_IDENTIFIER = com.smith.HelpMeAppUITests;
				PRODUCT_NAME = "$(TARGET_NAME)";
				SWIFT_VERSION = 5.0;
				TARGETED_DEVICE_FAMILY = "1,2";
				TEST_TARGET_NAME = HelpMeApp;
			};
			name = Release;
		};
/* End XCBuildConfiguration section */

/* Begin XCConfigurationList section */
		4AC4B7E6236C9BA700993A99 /* Build configuration list for PBXProject "HelpMeApp" */ = {
			isa = XCConfigurationList;
			buildConfigurations = (
				4AC4B813236C9BA800993A99 /* Debug */,
				4AC4B814236C9BA800993A99 /* Release */,
			);
			defaultConfigurationIsVisible = 0;
			defaultConfigurationName = Release;
		};
		4AC4B815236C9BA800993A99 /* Build configuration list for PBXNativeTarget "HelpMeApp" */ = {
			isa = XCConfigurationList;
			buildConfigurations = (
				4AC4B816236C9BA800993A99 /* Debug */,
				4AC4B817236C9BA800993A99 /* Release */,
			);
			defaultConfigurationIsVisible = 0;
			defaultConfigurationName = Release;
		};
		4AC4B818236C9BA800993A99 /* Build configuration list for PBXNativeTarget "HelpMeAppTests" */ = {
			isa = XCConfigurationList;
			buildConfigurations = (
				4AC4B819236C9BA800993A99 /* Debug */,
				4AC4B81A236C9BA800993A99 /* Release */,
			);
			defaultConfigurationIsVisible = 0;
			defaultConfigurationName = Release;
		};
		4AC4B81B236C9BA800993A99 /* Build configuration list for PBXNativeTarget "HelpMeAppUITests" */ = {
			isa = XCConfigurationList;
			buildConfigurations = (
				4AC4B81C236C9BA800993A99 /* Debug */,
				4AC4B81D236C9BA800993A99 /* Release */,
			);
			defaultConfigurationIsVisible = 0;
			defaultConfigurationName = Release;
		};
/* End XCConfigurationList section */
	};
	rootObject = 4AC4B7E3236C9BA700993A99 /* Project object */;
}
